
Microsoft Visual Studio Solution File, Format Version 12.00
# Visual Studio 15
VisualStudioVersion = 15.0.28307.1340
MinimumVisualStudioVersion = 10.0.40219.1
Project("{FAE04EC0-301F-11D3-BF4B-00C04F79EFBC}") = "HR_Agency", "HR_Agency\HR_Agency.csproj", "{CD9A38CB-2EEA-4F51-87A4-5FA0E9F1A833}"
EndProject
Global
	GlobalSection(SolutionConfigurationPlatforms) = preSolution
		Debug|Any CPU = Debug|Any CPU
		Release|Any CPU = Release|Any CPU
	EndGlobalSection
	GlobalSection(ProjectConfigurationPlatforms) = postSolution
		{CD9A38CB-2EEA-4F51-87A4-5FA0E9F1A833}.Debug|Any CPU.ActiveCfg = Debug|Any CPU
		{CD9A38CB-2EEA-4F51-87A4-5FA0E9F1A833}.Debug|Any CPU.Build.0 = Debug|Any CPU
		{CD9A38CB-2EEA-4F51-87A4-5FA0E9F1A833}.Release|Any CPU.ActiveCfg = Release|Any CPU
		{CD9A38CB-2EEA-4F51-87A4-5FA0E9F1A833}.Release|Any CPU.Build.0 = Release|Any CPU
	EndGlobalSection
	GlobalSection(SolutionProperties) = preSolution
		HideSolutionNode = FALSE
	EndGlobalSection
	GlobalSection(ExtensibilityGlobals) = postSolution
		SolutionGuid = {A34CC282-AA52-4058-BA9B-93ECFCFD4BEE}
	EndGlobalSection
EndGlobal
